
Microsoft Visual Studio Solution File, Format Version 12.00
# Visual Studio Version 17
VisualStudioVersion = 17.8.34525.116
MinimumVisualStudioVersion = 10.0.40219.1
Project("{FAE04EC0-301F-11D3-BF4B-00C04F79EFBC}") = "LibraryManagementSystem", "LibraryManagementSystem\LibraryManagementSystem.csproj", "{A668E8B0-DDE9-4095-A3B7-202FB61A9F80}"
EndProject
Global
	GlobalSection(SolutionConfigurationPlatforms) = preSolution
		Debug|Any CPU = Debug|Any CPU
		Debug|x86 = Debug|x86
		Release|Any CPU = Release|Any CPU
		Release|x86 = Release|x86
	EndGlobalSection
	GlobalSection(ProjectConfigurationPlatforms) = postSolution
		{A668E8B0-DDE9-4095-A3B7-202FB61A9F80}.Debug|Any CPU.ActiveCfg = Debug|Any CPU
		{A668E8B0-DDE9-4095-A3B7-202FB61A9F80}.Debug|Any CPU.Build.0 = Debug|Any CPU
		{A668E8B0-DDE9-4095-A3B7-202FB61A9F80}.Debug|x86.ActiveCfg = Debug|x86
		{A668E8B0-DDE9-4095-A3B7-202FB61A9F80}.Debug|x86.Build.0 = Debug|x86
		{A668E8B0-DDE9-4095-A3B7-202FB61A9F80}.Release|Any CPU.ActiveCfg = Release|Any CPU
		{A668E8B0-DDE9-4095-A3B7-202FB61A9F80}.Release|Any CPU.Build.0 = Release|Any CPU
		{A668E8B0-DDE9-4095-A3B7-202FB61A9F80}.Release|x86.ActiveCfg = Release|x86
		{A668E8B0-DDE9-4095-A3B7-202FB61A9F80}.Release|x86.Build.0 = Release|x86
	EndGlobalSection
	GlobalSection(SolutionProperties) = preSolution
		HideSolutionNode = FALSE
	EndGlobalSection
	GlobalSection(ExtensibilityGlobals) = postSolution
		SolutionGuid = {615856A3-CCC6-459C-963A-DBDBE9473BA0}
	EndGlobalSection
EndGlobal
